{
	"name": "fucking-algorithm",
	"lockfileVersion": 3,
	"requires": true,
	"packages": {
		"": {
			"name": "fucking-algorithm",
			"dependencies": {
				"@datastructures-js/priority-queue": "^5.4.0"
			},
			"devDependencies": {
				"@types/bun": "latest"
			},
			"peerDependencies": {
				"typescript": "^5.0.0"
			}
		},
		"node_modules/.pnpm/@datastructures-js+heap@4.3.3/node_modules/@datastructures-js/heap": {
			"version": "4.3.3",
			"extraneous": true,
			"license": "MIT",
			"devDependencies": {
				"chai": "^4.2.0",
				"eslint": "^6.7.2",
				"eslint-config-airbnb-base": "^14.0.0",
				"eslint-plugin-import": "^2.19.1",
				"grunt": "^1.0.4",
				"grunt-eslint": "^22.0.0",
				"grunt-mocha-istanbul": "^5.0.2",
				"grunt-mocha-test": "^0.13.3",
				"istanbul": "^0.4.5",
				"mocha": "^6.2.2"
			}
		},
		"node_modules/.pnpm/@datastructures-js+priority-queue@6.3.1": {
			"extraneous": true
		},
		"node_modules/.pnpm/@types+bun@1.1.0": {
			"extraneous": true
		},
		"node_modules/.pnpm/@types+node@20.11.30": {
			"extraneous": true
		},
		"node_modules/.pnpm/@types+ws@8.5.10": {
			"extraneous": true
		},
		"node_modules/.pnpm/bun-types@1.1.0": {
			"extraneous": true
		},
		"node_modules/.pnpm/undici-types@5.26.5/node_modules/undici-types": {
			"version": "5.26.5",
			"extraneous": true,
			"license": "MIT"
		},
		"node_modules/@datastructures-js/heap": {
			"version": "3.2.0",
			"resolved": "https://registry.npmmirror.com/@datastructures-js/heap/-/heap-3.2.0.tgz",
			"integrity": "sha512-FcU5ZAyb+VIOZz1HABsJUsbJi2ZyUDO7aoe97hq4d3tK3z8nMgwdxf5bO0gafR0ExFi18YTspntqHLzt4XOgnA=="
		},
		"node_modules/@datastructures-js/priority-queue": {
			"version": "5.4.0",
			"resolved": "https://registry.npmmirror.com/@datastructures-js/priority-queue/-/priority-queue-5.4.0.tgz",
			"integrity": "sha512-x+EkL8tjbwBMCUyVIwsOiKnWiOvMiFAIrnWQihcO42sUZ8uc4sRsJgHAS164wnibM2kVgQUJcfvhIdssBOzxRg==",
			"dependencies": {
				"@datastructures-js/heap": "^3.2.0"
			}
		},
		"node_modules/@types/bun": {
			"version": "1.1.0",
			"resolved": "https://registry.npmmirror.com/@types/bun/-/bun-1.1.0.tgz",
			"integrity": "sha512-QGK0yU4jh0OK1A7DyhPkQuKjHQCC5jSJa3dpWIEhHv/rPfb6zLfdArc4/uUUZBMTcjilsafRXnPWO+1owb572Q==",
			"dev": true,
			"dependencies": {
				"bun-types": "1.1.0"
			}
		},
		"node_modules/@types/node": {
			"version": "20.11.30",
			"dev": true,
			"license": "MIT",
			"dependencies": {
				"undici-types": "~5.26.4"
			}
		},
		"node_modules/@types/ws": {
			"version": "8.5.10",
			"dev": true,
			"license": "MIT",
			"dependencies": {
				"@types/node": "*"
			}
		},
		"node_modules/bun-types": {
			"version": "1.1.0",
			"dev": true,
			"license": "MIT",
			"dependencies": {
				"@types/node": "~20.11.3",
				"@types/ws": "~8.5.10"
			}
		},
		"node_modules/typescript": {
			"version": "5.4.5",
			"license": "Apache-2.0",
			"peer": true,
			"bin": {
				"tsc": "bin/tsc",
				"tsserver": "bin/tsserver"
			},
			"engines": {
				"node": ">=14.17"
			}
		},
		"node_modules/undici-types": {
			"version": "5.26.5",
			"dev": true,
			"license": "MIT"
		}
	}
}
